
Microsoft Visual Studio Solution File, Format Version 12.00
# Visual Studio Version 16
VisualStudioVersion = 16.0.35425.106
MinimumVisualStudioVersion = 10.0.40219.1
Project("{FAE04EC0-301F-11D3-BF4B-00C04F79EFBC}") = "Nguyen_Canh_Dang_Khoa", "Nguyen_Canh_Dang_Khoa\Nguyen_Canh_Dang_Khoa.csproj", "{EBC522D6-2EC1-4A6A-9186-787ADD691D83}"
EndProject
Global
	GlobalSection(SolutionConfigurationPlatforms) = preSolution
		Debug|Any CPU = Debug|Any CPU
		Release|Any CPU = Release|Any CPU
	EndGlobalSection
	GlobalSection(ProjectConfigurationPlatforms) = postSolution
		{EBC522D6-2EC1-4A6A-9186-787ADD691D83}.Debug|Any CPU.ActiveCfg = Debug|Any CPU
		{EBC522D6-2EC1-4A6A-9186-787ADD691D83}.Debug|Any CPU.Build.0 = Debug|Any CPU
		{EBC522D6-2EC1-4A6A-9186-787ADD691D83}.Release|Any CPU.ActiveCfg = Release|Any CPU
		{EBC522D6-2EC1-4A6A-9186-787ADD691D83}.Release|Any CPU.Build.0 = Release|Any CPU
	EndGlobalSection
	GlobalSection(SolutionProperties) = preSolution
		HideSolutionNode = FALSE
	EndGlobalSection
	GlobalSection(ExtensibilityGlobals) = postSolution
		SolutionGuid = {F0D6F9A4-A60E-4C6B-A3A8-BC8C5F27B176}
	EndGlobalSection
EndGlobal
